// !$*UTF8*$!
{
	archiveVersion = 1;
	classes = {
	};
	objectVersion = 55;
	objects = {

/* Begin PBXBuildFile section */
		4721B91527E85B1100B93BDB /* Recipes.swift in Sources */ = {isa = PBXBuildFile; fileRef = 4721B91427E85B1100B93BDB /* Recipes.swift */; };
		4721B91627E8612A00B93BDB /* RowTable.swift in Sources */ = {isa = PBXBuildFile; fileRef = 4721B91327E8594000B93BDB /* RowTable.swift */; };
		47CE1C8927FACE7800821034 /* DetailRecipeIC.swift in Sources */ = {isa = PBXBuildFile; fileRef = 47CE1C8827FACE7800821034 /* DetailRecipeIC.swift */; };
		47CE1C8B280434DA00821034 /* RecipeDescriptionIC.swift in Sources */ = {isa = PBXBuildFile; fileRef = 47CE1C8A280434DA00821034 /* RecipeDescriptionIC.swift */; };
		47EBA0B227C37196000B4901 /* Trubachev_Watch WatchKit App.app in Embed Watch Content */ = {isa = PBXBuildFile; fileRef = 47EBA0B127C37196000B4901 /* Trubachev_Watch WatchKit App.app */; settings = {ATTRIBUTES = (RemoveHeadersOnCopy, ); }; };
		47EBA0B827C37196000B4901 /* Interface.storyboard in Resources */ = {isa = PBXBuildFile; fileRef = 47EBA0B627C37196000B4901 /* Interface.storyboard */; };
		47EBA0BA27C37197000B4901 /* Assets.xcassets in Resources */ = {isa = PBXBuildFile; fileRef = 47EBA0B927C37197000B4901 /* Assets.xcassets */; };
		47EBA0C027C37197000B4901 /* Trubachev_Watch WatchKit Extension.appex in Embed App Extensions */ = {isa = PBXBuildFile; fileRef = 47EBA0BF27C37197000B4901 /* Trubachev_Watch WatchKit Extension.appex */; settings = {ATTRIBUTES = (RemoveHeadersOnCopy, ); }; };
		47EBA0C527C37197000B4901 /* TableRecipesIC.swift in Sources */ = {isa = PBXBuildFile; fileRef = 47EBA0C427C37197000B4901 /* TableRecipesIC.swift */; };
		47EBA0C727C37197000B4901 /* ExtensionDelegate.swift in Sources */ = {isa = PBXBuildFile; fileRef = 47EBA0C627C37197000B4901 /* ExtensionDelegate.swift */; };
		47EBA0C927C37197000B4901 /* NotificationController.swift in Sources */ = {isa = PBXBuildFile; fileRef = 47EBA0C827C37197000B4901 /* NotificationController.swift */; };
		47EBA0CB27C37197000B4901 /* ComplicationController.swift in Sources */ = {isa = PBXBuildFile; fileRef = 47EBA0CA27C37197000B4901 /* ComplicationController.swift */; };
		47EBA0CD27C37198000B4901 /* Assets.xcassets in Resources */ = {isa = PBXBuildFile; fileRef = 47EBA0CC27C37198000B4901 /* Assets.xcassets */; };
		47EBA0D927C37198000B4901 /* Trubachev_WatchTests.swift in Sources */ = {isa = PBXBuildFile; fileRef = 47EBA0D827C37198000B4901 /* Trubachev_WatchTests.swift */; };
		47EBA0E327C37198000B4901 /* Trubachev_WatchUITests.swift in Sources */ = {isa = PBXBuildFile; fileRef = 47EBA0E227C37198000B4901 /* Trubachev_WatchUITests.swift */; };
		47EBA0E527C37198000B4901 /* Trubachev_WatchUITestsLaunchTests.swift in Sources */ = {isa = PBXBuildFile; fileRef = 47EBA0E427C37198000B4901 /* Trubachev_WatchUITestsLaunchTests.swift */; };
/* End PBXBuildFile section */

/* Begin PBXContainerItemProxy section */
		47EBA0B327C37196000B4901 /* PBXContainerItemProxy */ = {
			isa = PBXContainerItemProxy;
			containerPortal = 47EBA0A727C37196000B4901 /* Project object */;
			proxyType = 1;
			remoteGlobalIDString = 47EBA0B027C37196000B4901;
			remoteInfo = "Trubachev_Watch WatchKit App";
		};
		47EBA0C127C37197000B4901 /* PBXContainerItemProxy */ = {
			isa = PBXContainerItemProxy;
			containerPortal = 47EBA0A727C37196000B4901 /* Project object */;
			proxyType = 1;
			remoteGlobalIDString = 47EBA0BE27C37197000B4901;
			remoteInfo = "Trubachev_Watch WatchKit Extension";
		};
		47EBA0D527C37198000B4901 /* PBXContainerItemProxy */ = {
			isa = PBXContainerItemProxy;
			containerPortal = 47EBA0A727C37196000B4901 /* Project object */;
			proxyType = 1;
			remoteGlobalIDString = 47EBA0BE27C37197000B4901;
			remoteInfo = "Trubachev_Watch WatchKit Extension";
		};
		47EBA0DF27C37198000B4901 /* PBXContainerItemProxy */ = {
			isa = PBXContainerItemProxy;
			containerPortal = 47EBA0A727C37196000B4901 /* Project object */;
			proxyType = 1;
			remoteGlobalIDString = 47EBA0B027C37196000B4901;
			remoteInfo = "Trubachev_Watch WatchKit App";
		};
/* End PBXContainerItemProxy section */

/* Begin PBXCopyFilesBuildPhase section */
		47EBA0EB27C37198000B4901 /* Embed App Extensions */ = {
			isa = PBXCopyFilesBuildPhase;
			buildActionMask = 2147483647;
			dstPath = "";
			dstSubfolderSpec = 13;
			files = (
				47EBA0C027C37197000B4901 /* Trubachev_Watch WatchKit Extension.appex in Embed App Extensions */,
			);
			name = "Embed App Extensions";
			runOnlyForDeploymentPostprocessing = 0;
		};
		47EBA0EF27C37198000B4901 /* Embed Watch Content */ = {
			isa = PBXCopyFilesBuildPhase;
			buildActionMask = 2147483647;
			dstPath = "$(CONTENTS_FOLDER_PATH)/Watch";
			dstSubfolderSpec = 16;
			files = (
				47EBA0B227C37196000B4901 /* Trubachev_Watch WatchKit App.app in Embed Watch Content */,
			);
			name = "Embed Watch Content";
			runOnlyForDeploymentPostprocessing = 0;
		};
/* End PBXCopyFilesBuildPhase section */

/* Begin PBXFileReference section */
		4721B91327E8594000B93BDB /* RowTable.swift */ = {isa = PBXFileReference; lastKnownFileType = sourcecode.swift; path = RowTable.swift; sourceTree = "<group>"; };
		4721B91427E85B1100B93BDB /* Recipes.swift */ = {isa = PBXFileReference; lastKnownFileType = sourcecode.swift; path = Recipes.swift; sourceTree = "<group>"; };
		47CE1C8827FACE7800821034 /* DetailRecipeIC.swift */ = {isa = PBXFileReference; lastKnownFileType = sourcecode.swift; path = DetailRecipeIC.swift; sourceTree = "<group>"; };
		47CE1C8A280434DA00821034 /* RecipeDescriptionIC.swift */ = {isa = PBXFileReference; lastKnownFileType = sourcecode.swift; path = RecipeDescriptionIC.swift; sourceTree = "<group>"; };
		47EBA0AD27C37196000B4901 /* Trubachev_Watch.app */ = {isa = PBXFileReference; explicitFileType = wrapper.application; includeInIndex = 0; path = Trubachev_Watch.app; sourceTree = BUILT_PRODUCTS_DIR; };
		47EBA0B127C37196000B4901 /* Trubachev_Watch WatchKit App.app */ = {isa = PBXFileReference; explicitFileType = wrapper.application; includeInIndex = 0; path = "Trubachev_Watch WatchKit App.app"; sourceTree = BUILT_PRODUCTS_DIR; };
		47EBA0B727C37196000B4901 /* Base */ = {isa = PBXFileReference; lastKnownFileType = file.storyboard; name = Base; path = Base.lproj/Interface.storyboard; sourceTree = "<group>"; };
		47EBA0B927C37197000B4901 /* Assets.xcassets */ = {isa = PBXFileReference; lastKnownFileType = folder.assetcatalog; path = Assets.xcassets; sourceTree = "<group>"; };
		47EBA0BF27C37197000B4901 /* Trubachev_Watch WatchKit Extension.appex */ = {isa = PBXFileReference; explicitFileType = "wrapper.app-extension"; includeInIndex = 0; path = "Trubachev_Watch WatchKit Extension.appex"; sourceTree = BUILT_PRODUCTS_DIR; };
		47EBA0C427C37197000B4901 /* TableRecipesIC.swift */ = {isa = PBXFileReference; lastKnownFileType = sourcecode.swift; path = TableRecipesIC.swift; sourceTree = "<group>"; };
		47EBA0C627C37197000B4901 /* ExtensionDelegate.swift */ = {isa = PBXFileReference; lastKnownFileType = sourcecode.swift; path = ExtensionDelegate.swift; sourceTree = "<group>"; };
		47EBA0C827C37197000B4901 /* NotificationController.swift */ = {isa = PBXFileReference; lastKnownFileType = sourcecode.swift; path = NotificationController.swift; sourceTree = "<group>"; };
		47EBA0CA27C37197000B4901 /* ComplicationController.swift */ = {isa = PBXFileReference; lastKnownFileType = sourcecode.swift; path = ComplicationController.swift; sourceTree = "<group>"; };
		47EBA0CC27C37198000B4901 /* Assets.xcassets */ = {isa = PBXFileReference; lastKnownFileType = folder.assetcatalog; path = Assets.xcassets; sourceTree = "<group>"; };
		47EBA0CE27C37198000B4901 /* Info.plist */ = {isa = PBXFileReference; lastKnownFileType = text.plist.xml; path = Info.plist; sourceTree = "<group>"; };
		47EBA0CF27C37198000B4901 /* PushNotificationPayload.apns */ = {isa = PBXFileReference; lastKnownFileType = text; path = PushNotificationPayload.apns; sourceTree = "<group>"; };
		47EBA0D427C37198000B4901 /* Trubachev_WatchTests.xctest */ = {isa = PBXFileReference; explicitFileType = wrapper.cfbundle; includeInIndex = 0; path = Trubachev_WatchTests.xctest; sourceTree = BUILT_PRODUCTS_DIR; };
		47EBA0D827C37198000B4901 /* Trubachev_WatchTests.swift */ = {isa = PBXFileReference; lastKnownFileType = sourcecode.swift; path = Trubachev_WatchTests.swift; sourceTree = "<group>"; };
		47EBA0DE27C37198000B4901 /* Trubachev_WatchUITests.xctest */ = {isa = PBXFileReference; explicitFileType = wrapper.cfbundle; includeInIndex = 0; path = Trubachev_WatchUITests.xctest; sourceTree = BUILT_PRODUCTS_DIR; };
		47EBA0E227C37198000B4901 /* Trubachev_WatchUITests.swift */ = {isa = PBXFileReference; lastKnownFileType = sourcecode.swift; path = Trubachev_WatchUITests.swift; sourceTree = "<group>"; };
		47EBA0E427C37198000B4901 /* Trubachev_WatchUITestsLaunchTests.swift */ = {isa = PBXFileReference; lastKnownFileType = sourcecode.swift; path = Trubachev_WatchUITestsLaunchTests.swift; sourceTree = "<group>"; };
/* End PBXFileReference section */

/* Begin PBXFrameworksBuildPhase section */
		47EBA0BC27C37197000B4901 /* Frameworks */ = {
			isa = PBXFrameworksBuildPhase;
			buildActionMask = 2147483647;
			files = (
			);
			runOnlyForDeploymentPostprocessing = 0;
		};
		47EBA0D127C37198000B4901 /* Frameworks */ = {
			isa = PBXFrameworksBuildPhase;
			buildActionMask = 2147483647;
			files = (
			);
			runOnlyForDeploymentPostprocessing = 0;
		};
		47EBA0DB27C37198000B4901 /* Frameworks */ = {
			isa = PBXFrameworksBuildPhase;
			buildActionMask = 2147483647;
			files = (
			);
			runOnlyForDeploymentPostprocessing = 0;
		};
/* End PBXFrameworksBuildPhase section */

/* Begin PBXGroup section */
		47EBA0A627C37196000B4901 = {
			isa = PBXGroup;
			children = (
				47EBA0B527C37196000B4901 /* Trubachev_Watch WatchKit App */,
				47EBA0C327C37197000B4901 /* Trubachev_Watch WatchKit Extension */,
				47EBA0D727C37198000B4901 /* Trubachev_WatchTests */,
				47EBA0E127C37198000B4901 /* Trubachev_WatchUITests */,
				47EBA0AE27C37196000B4901 /* Products */,
			);
			sourceTree = "<group>";
		};
		47EBA0AE27C37196000B4901 /* Products */ = {
			isa = PBXGroup;
			children = (
				47EBA0AD27C37196000B4901 /* Trubachev_Watch.app */,
				47EBA0B127C37196000B4901 /* Trubachev_Watch WatchKit App.app */,
				47EBA0BF27C37197000B4901 /* Trubachev_Watch WatchKit Extension.appex */,
				47EBA0D427C37198000B4901 /* Trubachev_WatchTests.xctest */,
				47EBA0DE27C37198000B4901 /* Trubachev_WatchUITests.xctest */,
			);
			name = Products;
			sourceTree = "<group>";
		};
		47EBA0B527C37196000B4901 /* Trubachev_Watch WatchKit App */ = {
			isa = PBXGroup;
			children = (
				47EBA0B627C37196000B4901 /* Interface.storyboard */,
				47CE1C8827FACE7800821034 /* DetailRecipeIC.swift */,
				47EBA0B927C37197000B4901 /* Assets.xcassets */,
			);
			path = "Trubachev_Watch WatchKit App";
			sourceTree = "<group>";
		};
		47EBA0C327C37197000B4901 /* Trubachev_Watch WatchKit Extension */ = {
			isa = PBXGroup;
			children = (
				4721B91427E85B1100B93BDB /* Recipes.swift */,
				47CE1C8A280434DA00821034 /* RecipeDescriptionIC.swift */,
				4721B91327E8594000B93BDB /* RowTable.swift */,
				47EBA0C427C37197000B4901 /* TableRecipesIC.swift */,
				47EBA0C627C37197000B4901 /* ExtensionDelegate.swift */,
				47EBA0C827C37197000B4901 /* NotificationController.swift */,
				47EBA0CA27C37197000B4901 /* ComplicationController.swift */,
				47EBA0CC27C37198000B4901 /* Assets.xcassets */,
				47EBA0CE27C37198000B4901 /* Info.plist */,
				47EBA0CF27C37198000B4901 /* PushNotificationPayload.apns */,
			);
			path = "Trubachev_Watch WatchKit Extension";
			sourceTree = "<group>";
		};
		47EBA0D727C37198000B4901 /* Trubachev_WatchTests */ = {
			isa = PBXGroup;
			children = (
				47EBA0D827C37198000B4901 /* Trubachev_WatchTests.swift */,
			);
			path = Trubachev_WatchTests;
			sourceTree = "<group>";
		};
		47EBA0E127C37198000B4901 /* Trubachev_WatchUITests */ = {
			isa = PBXGroup;
			children = (
				47EBA0E227C37198000B4901 /* Trubachev_WatchUITests.swift */,
				47EBA0E427C37198000B4901 /* Trubachev_WatchUITestsLaunchTests.swift */,
			);
			path = Trubachev_WatchUITests;
			sourceTree = "<group>";
		};
/* End PBXGroup section */

/* Begin PBXNativeTarget section */
		47EBA0AC27C37196000B4901 /* Trubachev_Watch */ = {
			isa = PBXNativeTarget;
			buildConfigurationList = 47EBA0F027C37198000B4901 /* Build configuration list for PBXNativeTarget "Trubachev_Watch" */;
			buildPhases = (
				47EBA0AB27C37196000B4901 /* Resources */,
				47EBA0EF27C37198000B4901 /* Embed Watch Content */,
			);
			buildRules = (
			);
			dependencies = (
				47EBA0B427C37196000B4901 /* PBXTargetDependency */,
			);
			name = Trubachev_Watch;
			productName = Trubachev_Watch;
			productReference = 47EBA0AD27C37196000B4901 /* Trubachev_Watch.app */;
			productType = "com.apple.product-type.application.watchapp2-container";
		};
		47EBA0B027C37196000B4901 /* Trubachev_Watch WatchKit App */ = {
			isa = PBXNativeTarget;
			buildConfigurationList = 47EBA0EC27C37198000B4901 /* Build configuration list for PBXNativeTarget "Trubachev_Watch WatchKit App" */;
			buildPhases = (
				47EBA0AF27C37196000B4901 /* Resources */,
				47EBA0EB27C37198000B4901 /* Embed App Extensions */,
			);
			buildRules = (
			);
			dependencies = (
				47EBA0C227C37197000B4901 /* PBXTargetDependency */,
			);
			name = "Trubachev_Watch WatchKit App";
			productName = "Trubachev_Watch WatchKit App";
			productReference = 47EBA0B127C37196000B4901 /* Trubachev_Watch WatchKit App.app */;
			productType = "com.apple.product-type.application.watchapp2";
		};
		47EBA0BE27C37197000B4901 /* Trubachev_Watch WatchKit Extension */ = {
			isa = PBXNativeTarget;
			buildConfigurationList = 47EBA0E827C37198000B4901 /* Build configuration list for PBXNativeTarget "Trubachev_Watch WatchKit Extension" */;
			buildPhases = (
				47EBA0BB27C37197000B4901 /* Sources */,
				47EBA0BC27C37197000B4901 /* Frameworks */,
				47EBA0BD27C37197000B4901 /* Resources */,
			);
			buildRules = (
			);
			dependencies = (
			);
			name = "Trubachev_Watch WatchKit Extension";
			productName = "Trubachev_Watch WatchKit Extension";
			productReference = 47EBA0BF27C37197000B4901 /* Trubachev_Watch WatchKit Extension.appex */;
			productType = "com.apple.product-type.watchkit2-extension";
		};
		47EBA0D327C37198000B4901 /* Trubachev_WatchTests */ = {
			isa = PBXNativeTarget;
			buildConfigurationList = 47EBA0F327C37198000B4901 /* Build configuration list for PBXNativeTarget "Trubachev_WatchTests" */;
			buildPhases = (
				47EBA0D027C37198000B4901 /* Sources */,
				47EBA0D127C37198000B4901 /* Frameworks */,
				47EBA0D227C37198000B4901 /* Resources */,
			);
			buildRules = (
			);
			dependencies = (
				47EBA0D627C37198000B4901 /* PBXTargetDependency */,
			);
			name = Trubachev_WatchTests;
			productName = Trubachev_WatchTests;
			productReference = 47EBA0D427C37198000B4901 /* Trubachev_WatchTests.xctest */;
			productType = "com.apple.product-type.bundle.unit-test";
		};
		47EBA0DD27C37198000B4901 /* Trubachev_WatchUITests */ = {
			isa = PBXNativeTarget;
			buildConfigurationList = 47EBA0F627C37198000B4901 /* Build configuration list for PBXNativeTarget "Trubachev_WatchUITests" */;
			buildPhases = (
				47EBA0DA27C37198000B4901 /* Sources */,
				47EBA0DB27C37198000B4901 /* Frameworks */,
				47EBA0DC27C37198000B4901 /* Resources */,
			);
			buildRules = (
			);
			dependencies = (
				47EBA0E027C37198000B4901 /* PBXTargetDependency */,
			);
			name = Trubachev_WatchUITests;
			productName = Trubachev_WatchUITests;
			productReference = 47EBA0DE27C37198000B4901 /* Trubachev_WatchUITests.xctest */;
			productType = "com.apple.product-type.bundle.ui-testing";
		};
/* End PBXNativeTarget section */

/* Begin PBXProject section */
		47EBA0A727C37196000B4901 /* Project object */ = {
			isa = PBXProject;
			attributes = {
				BuildIndependentTargetsInParallel = 1;
				LastSwiftUpdateCheck = 1320;
				LastUpgradeCheck = 1320;
				TargetAttributes = {
					47EBA0AC27C37196000B4901 = {
						CreatedOnToolsVersion = 13.2.1;
					};
					47EBA0B027C37196000B4901 = {
						CreatedOnToolsVersion = 13.2.1;
					};
					47EBA0BE27C37197000B4901 = {
						CreatedOnToolsVersion = 13.2.1;
					};
					47EBA0D327C37198000B4901 = {
						CreatedOnToolsVersion = 13.2.1;
						TestTargetID = 47EBA0BE27C37197000B4901;
					};
					47EBA0DD27C37198000B4901 = {
						CreatedOnToolsVersion = 13.2.1;
						TestTargetID = 47EBA0B027C37196000B4901;
					};
				};
			};
			buildConfigurationList = 47EBA0AA27C37196000B4901 /* Build configuration list for PBXProject "Trubachev_Watch" */;
			compatibilityVersion = "Xcode 13.0";
			developmentRegion = en;
			hasScannedForEncodings = 0;
			knownRegions = (
				en,
				Base,
			);
			mainGroup = 47EBA0A627C37196000B4901;
			productRefGroup = 47EBA0AE27C37196000B4901 /* Products */;
			projectDirPath = "";
			projectRoot = "";
			targets = (
				47EBA0AC27C37196000B4901 /* Trubachev_Watch */,
				47EBA0B027C37196000B4901 /* Trubachev_Watch WatchKit App */,
				47EBA0BE27C37197000B4901 /* Trubachev_Watch WatchKit Extension */,
				47EBA0D327C37198000B4901 /* Trubachev_WatchTests */,
				47EBA0DD27C37198000B4901 /* Trubachev_WatchUITests */,
			);
		};
/* End PBXProject section */

/* Begin PBXResourcesBuildPhase section */
		47EBA0AB27C37196000B4901 /* Resources */ = {
			isa = PBXResourcesBuildPhase;
			buildActionMask = 2147483647;
			files = (
			);
			runOnlyForDeploymentPostprocessing = 0;
		};
		47EBA0AF27C37196000B4901 /* Resources */ = {
			isa = PBXResourcesBuildPhase;
			buildActionMask = 2147483647;
			files = (
				47EBA0BA27C37197000B4901 /* Assets.xcassets in Resources */,
				47EBA0B827C37196000B4901 /* Interface.storyboard in Resources */,
			);
			runOnlyForDeploymentPostprocessing = 0;
		};
		47EBA0BD27C37197000B4901 /* Resources */ = {
			isa = PBXResourcesBuildPhase;
			buildActionMask = 2147483647;
			files = (
				47EBA0CD27C37198000B4901 /* Assets.xcassets in Resources */,
			);
			runOnlyForDeploymentPostprocessing = 0;
		};
		47EBA0D227C37198000B4901 /* Resources */ = {
			isa = PBXResourcesBuildPhase;
			buildActionMask = 2147483647;
			files = (
			);
			runOnlyForDeploymentPostprocessing = 0;
		};
		47EBA0DC27C37198000B4901 /* Resources */ = {
			isa = PBXResourcesBuildPhase;
			buildActionMask = 2147483647;
			files = (
			);
			runOnlyForDeploymentPostprocessing = 0;
		};
/* End PBXResourcesBuildPhase section */

/* Begin PBXSourcesBuildPhase section */
		47EBA0BB27C37197000B4901 /* Sources */ = {
			isa = PBXSourcesBuildPhase;
			buildActionMask = 2147483647;
			files = (
				47CE1C8927FACE7800821034 /* DetailRecipeIC.swift in Sources */,
				4721B91527E85B1100B93BDB /* Recipes.swift in Sources */,
				4721B91627E8612A00B93BDB /* RowTable.swift in Sources */,
				47EBA0C927C37197000B4901 /* NotificationController.swift in Sources */,
				47CE1C8B280434DA00821034 /* RecipeDescriptionIC.swift in Sources */,
				47EBA0CB27C37197000B4901 /* ComplicationController.swift in Sources */,
				47EBA0C727C37197000B4901 /* ExtensionDelegate.swift in Sources */,
				47EBA0C527C37197000B4901 /* TableRecipesIC.swift in Sources */,
			);
			runOnlyForDeploymentPostprocessing = 0;
		};
		47EBA0D027C37198000B4901 /* Sources */ = {
			isa = PBXSourcesBuildPhase;
			buildActionMask = 2147483647;
			files = (
				47EBA0D927C37198000B4901 /* Trubachev_WatchTests.swift in Sources */,
			);
			runOnlyForDeploymentPostprocessing = 0;
		};
		47EBA0DA27C37198000B4901 /* Sources */ = {
			isa = PBXSourcesBuildPhase;
			buildActionMask = 2147483647;
			files = (
				47EBA0E327C37198000B4901 /* Trubachev_WatchUITests.swift in Sources */,
				47EBA0E527C37198000B4901 /* Trubachev_WatchUITestsLaunchTests.swift in Sources */,
			);
			runOnlyForDeploymentPostprocessing = 0;
		};
/* End PBXSourcesBuildPhase section */

/* Begin PBXTargetDependency section */
		47EBA0B427C37196000B4901 /* PBXTargetDependency */ = {
			isa = PBXTargetDependency;
			target = 47EBA0B027C37196000B4901 /* Trubachev_Watch WatchKit App */;
			targetProxy = 47EBA0B327C37196000B4901 /* PBXContainerItemProxy */;
		};
		47EBA0C227C37197000B4901 /* PBXTargetDependency */ = {
			isa = PBXTargetDependency;
			target = 47EBA0BE27C37197000B4901 /* Trubachev_Watch WatchKit Extension */;
			targetProxy = 47EBA0C127C37197000B4901 /* PBXContainerItemProxy */;
		};
		47EBA0D627C37198000B4901 /* PBXTargetDependency */ = {
			isa = PBXTargetDependency;
			target = 47EBA0BE27C37197000B4901 /* Trubachev_Watch WatchKit Extension */;
			targetProxy = 47EBA0D527C37198000B4901 /* PBXContainerItemProxy */;
		};
		47EBA0E027C37198000B4901 /* PBXTargetDependency */ = {
			isa = PBXTargetDependency;
			target = 47EBA0B027C37196000B4901 /* Trubachev_Watch WatchKit App */;
			targetProxy = 47EBA0DF27C37198000B4901 /* PBXContainerItemProxy */;
		};
/* End PBXTargetDependency section */

/* Begin PBXVariantGroup section */
		47EBA0B627C37196000B4901 /* Interface.storyboard */ = {
			isa = PBXVariantGroup;
			children = (
				47EBA0B727C37196000B4901 /* Base */,
			);
			name = Interface.storyboard;
			sourceTree = "<group>";
		};
/* End PBXVariantGroup section */

/* Begin XCBuildConfiguration section */
		47EBA0E627C37198000B4901 /* Debug */ = {
			isa = XCBuildConfiguration;
			buildSettings = {
				ALWAYS_SEARCH_USER_PATHS = NO;
				CLANG_ANALYZER_NONNULL = YES;
				CLANG_ANALYZER_NUMBER_OBJECT_CONVERSION = YES_AGGRESSIVE;
				CLANG_CXX_LANGUAGE_STANDARD = "gnu++17";
				CLANG_CXX_LIBRARY = "libc++";
				CLANG_ENABLE_MODULES = YES;
				CLANG_ENABLE_OBJC_ARC = YES;
				CLANG_ENABLE_OBJC_WEAK = YES;
				CLANG_WARN_BLOCK_CAPTURE_AUTORELEASING = YES;
				CLANG_WARN_BOOL_CONVERSION = YES;
				CLANG_WARN_COMMA = YES;
				CLANG_WARN_CONSTANT_CONVERSION = YES;
				CLANG_WARN_DEPRECATED_OBJC_IMPLEMENTATIONS = YES;
				CLANG_WARN_DIRECT_OBJC_ISA_USAGE = YES_ERROR;
				CLANG_WARN_DOCUMENTATION_COMMENTS = YES;
				CLANG_WARN_EMPTY_BODY = YES;
				CLANG_WARN_ENUM_CONVERSION = YES;
				CLANG_WARN_INFINITE_RECURSION = YES;
				CLANG_WARN_INT_CONVERSION = YES;
				CLANG_WARN_NON_LITERAL_NULL_CONVERSION = YES;
				CLANG_WARN_OBJC_IMPLICIT_RETAIN_SELF = YES;
				CLANG_WARN_OBJC_LITERAL_CONVERSION = YES;
				CLANG_WARN_OBJC_ROOT_CLASS = YES_ERROR;
				CLANG_WARN_QUOTED_INCLUDE_IN_FRAMEWORK_HEADER = YES;
				CLANG_WARN_RANGE_LOOP_ANALYSIS = YES;
				CLANG_WARN_STRICT_PROTOTYPES = YES;
				CLANG_WARN_SUSPICIOUS_MOVE = YES;
				CLANG_WARN_UNGUARDED_AVAILABILITY = YES_AGGRESSIVE;
				CLANG_WARN_UNREACHABLE_CODE = YES;
				CLANG_WARN__DUPLICATE_METHOD_MATCH = YES;
				COPY_PHASE_STRIP = NO;
				DEBUG_INFORMATION_FORMAT = dwarf;
				ENABLE_STRICT_OBJC_MSGSEND = YES;
				ENABLE_TESTABILITY = YES;
				GCC_C_LANGUAGE_STANDARD = gnu11;
				GCC_DYNAMIC_NO_PIC = NO;
				GCC_NO_COMMON_BLOCKS = YES;
				GCC_OPTIMIZATION_LEVEL = 0;
				GCC_PREPROCESSOR_DEFINITIONS = (
					"DEBUG=1",
					"$(inherited)",
				);
				GCC_WARN_64_TO_32_BIT_CONVERSION = YES;
				GCC_WARN_ABOUT_RETURN_TYPE = YES_ERROR;
				GCC_WARN_UNDECLARED_SELECTOR = YES;
				GCC_WARN_UNINITIALIZED_AUTOS = YES_AGGRESSIVE;
				GCC_WARN_UNUSED_FUNCTION = YES;
				GCC_WARN_UNUSED_VARIABLE = YES;
				MTL_ENABLE_DEBUG_INFO = INCLUDE_SOURCE;
				MTL_FAST_MATH = YES;
				ONLY_ACTIVE_ARCH = YES;
				SDKROOT = iphoneos;
				SWIFT_ACTIVE_COMPILATION_CONDITIONS = DEBUG;
				SWIFT_OPTIMIZATION_LEVEL = "-Onone";
			};
			name = Debug;
		};
		47EBA0E727C37198000B4901 /* Release */ = {
			isa = XCBuildConfiguration;
			buildSettings = {
				ALWAYS_SEARCH_USER_PATHS = NO;
				CLANG_ANALYZER_NONNULL = YES;
				CLANG_ANALYZER_NUMBER_OBJECT_CONVERSION = YES_AGGRESSIVE;
				CLANG_CXX_LANGUAGE_STANDARD = "gnu++17";
				CLANG_CXX_LIBRARY = "libc++";
				CLANG_ENABLE_MODULES = YES;
				CLANG_ENABLE_OBJC_ARC = YES;
				CLANG_ENABLE_OBJC_WEAK = YES;
				CLANG_WARN_BLOCK_CAPTURE_AUTORELEASING = YES;
				CLANG_WARN_BOOL_CONVERSION = YES;
				CLANG_WARN_COMMA = YES;
				CLANG_WARN_CONSTANT_CONVERSION = YES;
				CLANG_WARN_DEPRECATED_OBJC_IMPLEMENTATIONS = YES;
				CLANG_WARN_DIRECT_OBJC_ISA_USAGE = YES_ERROR;
				CLANG_WARN_DOCUMENTATION_COMMENTS = YES;
				CLANG_WARN_EMPTY_BODY = YES;
				CLANG_WARN_ENUM_CONVERSION = YES;
				CLANG_WARN_INFINITE_RECURSION = YES;
				CLANG_WARN_INT_CONVERSION = YES;
				CLANG_WARN_NON_LITERAL_NULL_CONVERSION = YES;
				CLANG_WARN_OBJC_IMPLICIT_RETAIN_SELF = YES;
				CLANG_WARN_OBJC_LITERAL_CONVERSION = YES;
				CLANG_WARN_OBJC_ROOT_CLASS = YES_ERROR;
				CLANG_WARN_QUOTED_INCLUDE_IN_FRAMEWORK_HEADER = YES;
				CLANG_WARN_RANGE_LOOP_ANALYSIS = YES;
				CLANG_WARN_STRICT_PROTOTYPES = YES;
				CLANG_WARN_SUSPICIOUS_MOVE = YES;
				CLANG_WARN_UNGUARDED_AVAILABILITY = YES_AGGRESSIVE;
				CLANG_WARN_UNREACHABLE_CODE = YES;
				CLANG_WARN__DUPLICATE_METHOD_MATCH = YES;
				COPY_PHASE_STRIP = NO;
				DEBUG_INFORMATION_FORMAT = "dwarf-with-dsym";
				ENABLE_NS_ASSERTIONS = NO;
				ENABLE_STRICT_OBJC_MSGSEND = YES;
				GCC_C_LANGUAGE_STANDARD = gnu11;
				GCC_NO_COMMON_BLOCKS = YES;
				GCC_WARN_64_TO_32_BIT_CONVERSION = YES;
				GCC_WARN_ABOUT_RETURN_TYPE = YES_ERROR;
				GCC_WARN_UNDECLARED_SELECTOR = YES;
				GCC_WARN_UNINITIALIZED_AUTOS = YES_AGGRESSIVE;
				GCC_WARN_UNUSED_FUNCTION = YES;
				GCC_WARN_UNUSED_VARIABLE = YES;
				MTL_ENABLE_DEBUG_INFO = NO;
				MTL_FAST_MATH = YES;
				SDKROOT = iphoneos;
				SWIFT_COMPILATION_MODE = wholemodule;
				SWIFT_OPTIMIZATION_LEVEL = "-O";
				VALIDATE_PRODUCT = YES;
			};
			name = Release;
		};
		47EBA0E927C37198000B4901 /* Debug */ = {
			isa = XCBuildConfiguration;
			buildSettings = {
				ASSETCATALOG_COMPILER_COMPLICATION_NAME = Complication;
				CODE_SIGN_STYLE = Automatic;
				CURRENT_PROJECT_VERSION = 1;
				GENERATE_INFOPLIST_FILE = YES;
				INFOPLIST_FILE = "Trubachev_Watch WatchKit Extension/Info.plist";
				INFOPLIST_KEY_CFBundleDisplayName = "Trubachev_Watch WatchKit Extension";
				INFOPLIST_KEY_CLKComplicationPrincipalClass = "$(PRODUCT_MODULE_NAME).ComplicationController";
				INFOPLIST_KEY_NSHumanReadableCopyright = "";
				INFOPLIST_KEY_WKExtensionDelegateClassName = "$(PRODUCT_MODULE_NAME).ExtensionDelegate";
				INFOPLIST_KEY_WKWatchOnly = YES;
				LD_RUNPATH_SEARCH_PATHS = (
					"$(inherited)",
					"@executable_path/Frameworks",
					"@executable_path/../../Frameworks",
				);
				MARKETING_VERSION = 1.0;
				PRODUCT_BUNDLE_IDENTIFIER = "Trubachev.Trubachev-Watch.watchkitapp.watchkitextension";
				PRODUCT_NAME = "${TARGET_NAME}";
				SDKROOT = watchos;
				SKIP_INSTALL = YES;
				SWIFT_EMIT_LOC_STRINGS = YES;
				SWIFT_VERSION = 5.0;
				TARGETED_DEVICE_FAMILY = 4;
				WATCHOS_DEPLOYMENT_TARGET = 8.3;
			};
			name = Debug;
		};
		47EBA0EA27C37198000B4901 /* Release */ = {
			isa = XCBuildConfiguration;
			buildSettings = {
				ASSETCATALOG_COMPILER_COMPLICATION_NAME = Complication;
				CODE_SIGN_STYLE = Automatic;
				CURRENT_PROJECT_VERSION = 1;
				GENERATE_INFOPLIST_FILE = YES;
				INFOPLIST_FILE = "Trubachev_Watch WatchKit Extension/Info.plist";
				INFOPLIST_KEY_CFBundleDisplayName = "Trubachev_Watch WatchKit Extension";
				INFOPLIST_KEY_CLKComplicationPrincipalClass = "$(PRODUCT_MODULE_NAME).ComplicationController";
				INFOPLIST_KEY_NSHumanReadableCopyright = "";
				INFOPLIST_KEY_WKExtensionDelegateClassName = "$(PRODUCT_MODULE_NAME).ExtensionDelegate";
				INFOPLIST_KEY_WKWatchOnly = YES;
				LD_RUNPATH_SEARCH_PATHS = (
					"$(inherited)",
					"@executable_path/Frameworks",
					"@executable_path/../../Frameworks",
				);
				MARKETING_VERSION = 1.0;
				PRODUCT_BUNDLE_IDENTIFIER = "Trubachev.Trubachev-Watch.watchkitapp.watchkitextension";
				PRODUCT_NAME = "${TARGET_NAME}";
				SDKROOT = watchos;
				SKIP_INSTALL = YES;
				SWIFT_EMIT_LOC_STRINGS = YES;
				SWIFT_VERSION = 5.0;
				TARGETED_DEVICE_FAMILY = 4;
				WATCHOS_DEPLOYMENT_TARGET = 8.3;
			};
			name = Release;
		};
		47EBA0ED27C37198000B4901 /* Debug */ = {
			isa = XCBuildConfiguration;
			buildSettings = {
				ALWAYS_EMBED_SWIFT_STANDARD_LIBRARIES = YES;
				ASSETCATALOG_COMPILER_APPICON_NAME = AppIcon;
				ASSETCATALOG_COMPILER_GLOBAL_ACCENT_COLOR_NAME = AccentColor;
				CODE_SIGN_STYLE = Automatic;
				CURRENT_PROJECT_VERSION = 1;
				GENERATE_INFOPLIST_FILE = YES;
				IBSC_MODULE = Trubachev_Watch_WatchKit_Extension;
				INFOPLIST_KEY_CFBundleDisplayName = "Trubachev_Watch WatchKit App";
				INFOPLIST_KEY_UISupportedInterfaceOrientations = "UIInterfaceOrientationPortrait UIInterfaceOrientationPortraitUpsideDown";
				MARKETING_VERSION = 1.0;
				PRODUCT_BUNDLE_IDENTIFIER = "Trubachev.Trubachev-Watch.watchkitapp";
				PRODUCT_NAME = "$(TARGET_NAME)";
				SDKROOT = watchos;
				SKIP_INSTALL = YES;
				SWIFT_EMIT_LOC_STRINGS = YES;
				SWIFT_VERSION = 5.0;
				TARGETED_DEVICE_FAMILY = 4;
				WATCHOS_DEPLOYMENT_TARGET = 8.3;
			};
			name = Debug;
		};
		47EBA0EE27C37198000B4901 /* Release */ = {
			isa = XCBuildConfiguration;
			buildSettings = {
				ALWAYS_EMBED_SWIFT_STANDARD_LIBRARIES = YES;
				ASSETCATALOG_COMPILER_APPICON_NAME = AppIcon;
				ASSETCATALOG_COMPILER_GLOBAL_ACCENT_COLOR_NAME = AccentColor;
				CODE_SIGN_STYLE = Automatic;
				CURRENT_PROJECT_VERSION = 1;
				GENERATE_INFOPLIST_FILE = YES;
				IBSC_MODULE = Trubachev_Watch_WatchKit_Extension;
				INFOPLIST_KEY_CFBundleDisplayName = "Trubachev_Watch WatchKit App";
				INFOPLIST_KEY_UISupportedInterfaceOrientations = "UIInterfaceOrientationPortrait UIInterfaceOrientationPortraitUpsideDown";
				MARKETING_VERSION = 1.0;
				PRODUCT_BUNDLE_IDENTIFIER = "Trubachev.Trubachev-Watch.watchkitapp";
				PRODUCT_NAME = "$(TARGET_NAME)";
				SDKROOT = watchos;
				SKIP_INSTALL = YES;
				SWIFT_EMIT_LOC_STRINGS = YES;
				SWIFT_VERSION = 5.0;
				TARGETED_DEVICE_FAMILY = 4;
				WATCHOS_DEPLOYMENT_TARGET = 8.3;
			};
			name = Release;
		};
		47EBA0F127C37198000B4901 /* Debug */ = {
			isa = XCBuildConfiguration;
			buildSettings = {
				CODE_SIGN_STYLE = Automatic;
				CURRENT_PROJECT_VERSION = 1;
				MARKETING_VERSION = 1.0;
				PRODUCT_BUNDLE_IDENTIFIER = "Trubachev.Trubachev-Watch";
				PRODUCT_NAME = "$(TARGET_NAME)";
				SWIFT_VERSION = 5.0;
			};
			name = Debug;
		};
		47EBA0F227C37198000B4901 /* Release */ = {
			isa = XCBuildConfiguration;
			buildSettings = {
				CODE_SIGN_STYLE = Automatic;
				CURRENT_PROJECT_VERSION = 1;
				MARKETING_VERSION = 1.0;
				PRODUCT_BUNDLE_IDENTIFIER = "Trubachev.Trubachev-Watch";
				PRODUCT_NAME = "$(TARGET_NAME)";
				SWIFT_VERSION = 5.0;
			};
			name = Release;
		};
		47EBA0F427C37198000B4901 /* Debug */ = {
			isa = XCBuildConfiguration;
			buildSettings = {
				ALWAYS_EMBED_SWIFT_STANDARD_LIBRARIES = YES;
				BUNDLE_LOADER = "$(TEST_HOST)";
				CODE_SIGN_STYLE = Automatic;
				CURRENT_PROJECT_VERSION = 1;
				GENERATE_INFOPLIST_FILE = YES;
				MARKETING_VERSION = 1.0;
				PRODUCT_BUNDLE_IDENTIFIER = "Trubachev.Trubachev-WatchTests";
				PRODUCT_NAME = "$(TARGET_NAME)";
				SDKROOT = watchos;
				SWIFT_EMIT_LOC_STRINGS = NO;
				SWIFT_VERSION = 5.0;
				TARGETED_DEVICE_FAMILY = 4;
				TEST_HOST = "$(BUILT_PRODUCTS_DIR)/Trubachev_Watch WatchKit Extension.appex/Trubachev_Watch WatchKit Extension";
				WATCHOS_DEPLOYMENT_TARGET = 8.3;
			};
			name = Debug;
		};
		47EBA0F527C37198000B4901 /* Release */ = {
			isa = XCBuildConfiguration;
			buildSettings = {
				ALWAYS_EMBED_SWIFT_STANDARD_LIBRARIES = YES;
				BUNDLE_LOADER = "$(TEST_HOST)";
				CODE_SIGN_STYLE = Automatic;
				CURRENT_PROJECT_VERSION = 1;
				GENERATE_INFOPLIST_FILE = YES;
				MARKETING_VERSION = 1.0;
				PRODUCT_BUNDLE_IDENTIFIER = "Trubachev.Trubachev-WatchTests";
				PRODUCT_NAME = "$(TARGET_NAME)";
				SDKROOT = watchos;
				SWIFT_EMIT_LOC_STRINGS = NO;
				SWIFT_VERSION = 5.0;
				TARGETED_DEVICE_FAMILY = 4;
				TEST_HOST = "$(BUILT_PRODUCTS_DIR)/Trubachev_Watch WatchKit Extension.appex/Trubachev_Watch WatchKit Extension";
				WATCHOS_DEPLOYMENT_TARGET = 8.3;
			};
			name = Release;
		};
		47EBA0F727C37198000B4901 /* Debug */ = {
			isa = XCBuildConfiguration;
			buildSettings = {
				CODE_SIGN_STYLE = Automatic;
				CURRENT_PROJECT_VERSION = 1;
				GENERATE_INFOPLIST_FILE = YES;
				MARKETING_VERSION = 1.0;
				PRODUCT_BUNDLE_IDENTIFIER = "Trubachev.Trubachev-WatchUITests";
				PRODUCT_NAME = "$(TARGET_NAME)";
				SDKROOT = watchos;
				SWIFT_EMIT_LOC_STRINGS = NO;
				SWIFT_VERSION = 5.0;
				TARGETED_DEVICE_FAMILY = 4;
				TEST_TARGET_NAME = "Trubachev_Watch WatchKit App";
				WATCHOS_DEPLOYMENT_TARGET = 8.3;
			};
			name = Debug;
		};
		47EBA0F827C37198000B4901 /* Release */ = {
			isa = XCBuildConfiguration;
			buildSettings = {
				CODE_SIGN_STYLE = Automatic;
				CURRENT_PROJECT_VERSION = 1;
				GENERATE_INFOPLIST_FILE = YES;
				MARKETING_VERSION = 1.0;
				PRODUCT_BUNDLE_IDENTIFIER = "Trubachev.Trubachev-WatchUITests";
				PRODUCT_NAME = "$(TARGET_NAME)";
				SDKROOT = watchos;
				SWIFT_EMIT_LOC_STRINGS = NO;
				SWIFT_VERSION = 5.0;
				TARGETED_DEVICE_FAMILY = 4;
				TEST_TARGET_NAME = "Trubachev_Watch WatchKit App";
				WATCHOS_DEPLOYMENT_TARGET = 8.3;
			};
			name = Release;
		};
/* End XCBuildConfiguration section */

/* Begin XCConfigurationList section */
		47EBA0AA27C37196000B4901 /* Build configuration list for PBXProject "Trubachev_Watch" */ = {
			isa = XCConfigurationList;
			buildConfigurations = (
				47EBA0E627C37198000B4901 /* Debug */,
				47EBA0E727C37198000B4901 /* Release */,
			);
			defaultConfigurationIsVisible = 0;
			defaultConfigurationName = Release;
		};
		47EBA0E827C37198000B4901 /* Build configuration list for PBXNativeTarget "Trubachev_Watch WatchKit Extension" */ = {
			isa = XCConfigurationList;
			buildConfigurations = (
				47EBA0E927C37198000B4901 /* Debug */,
				47EBA0EA27C37198000B4901 /* Release */,
			);
			defaultConfigurationIsVisible = 0;
			defaultConfigurationName = Release;
		};
		47EBA0EC27C37198000B4901 /* Build configuration list for PBXNativeTarget "Trubachev_Watch WatchKit App" */ = {
			isa = XCConfigurationList;
			buildConfigurations = (
				47EBA0ED27C37198000B4901 /* Debug */,
				47EBA0EE27C37198000B4901 /* Release */,
			);
			defaultConfigurationIsVisible = 0;
			defaultConfigurationName = Release;
		};
		47EBA0F027C37198000B4901 /* Build configuration list for PBXNativeTarget "Trubachev_Watch" */ = {
			isa = XCConfigurationList;
			buildConfigurations = (
				47EBA0F127C37198000B4901 /* Debug */,
				47EBA0F227C37198000B4901 /* Release */,
			);
			defaultConfigurationIsVisible = 0;
			defaultConfigurationName = Release;
		};
		47EBA0F327C37198000B4901 /* Build configuration list for PBXNativeTarget "Trubachev_WatchTests" */ = {
			isa = XCConfigurationList;
			buildConfigurations = (
				47EBA0F427C37198000B4901 /* Debug */,
				47EBA0F527C37198000B4901 /* Release */,
			);
			defaultConfigurationIsVisible = 0;
			defaultConfigurationName = Release;
		};
		47EBA0F627C37198000B4901 /* Build configuration list for PBXNativeTarget "Trubachev_WatchUITests" */ = {
			isa = XCConfigurationList;
			buildConfigurations = (
				47EBA0F727C37198000B4901 /* Debug */,
				47EBA0F827C37198000B4901 /* Release */,
			);
			defaultConfigurationIsVisible = 0;
			defaultConfigurationName = Release;
		};
/* End XCConfigurationList section */
	};
	rootObject = 47EBA0A727C37196000B4901 /* Project object */;
}
